Microsoft Visual Studio Solution File, Format Version 11.00
# Visual Studio 2008

Project("{CFF226DB-857B-92FD-4ADA-21815CC3BC9D}") = "itweenTest", "Assembly-CSharp-firstpass.csproj", "{997CBF72-B285-0AB6-C65D-AAEB67DA5EFD}"
EndProject
Project("{CFF226DB-857B-92FD-4ADA-21815CC3BC9D}") = "itweenTest", "Assembly-CSharp.csproj", "{45016E25-0296-5E99-19CB-742A9C442F9B}"
EndProject
Project("{CFF226DB-857B-92FD-4ADA-21815CC3BC9D}") = "itweenTest", "Assembly-CSharp-Editor.csproj", "{406B45A1-FFD6-CBD3-8564-FC26C1FC276F}"
EndProject
Project("{CFF226DB-857B-92FD-4ADA-21815CC3BC9D}") = "itweenTest", "Assembly-UnityScript.unityproj", "{5D5CB695-0CAF-1515-4AAF-75E9CA416396}"
EndProject
Global
	GlobalSection(SolutionConfigurationPlatforms) = preSolution
		Debug|Any CPU = Debug|Any CPU
		Release|Any CPU = Release|Any CPU
	EndGlobalSection
	GlobalSection(ProjectConfigurationPlatforms) = postSolution
		{997CBF72-B285-0AB6-C65D-AAEB67DA5EFD}.Debug|Any CPU.ActiveCfg = Debug|Any CPU
		{997CBF72-B285-0AB6-C65D-AAEB67DA5EFD}.Debug|Any CPU.Build.0 = Debug|Any CPU
		{997CBF72-B285-0AB6-C65D-AAEB67DA5EFD}.Release|Any CPU.ActiveCfg = Release|Any CPU
		{997CBF72-B285-0AB6-C65D-AAEB67DA5EFD}.Release|Any CPU.Build.0 = Release|Any CPU
		{45016E25-0296-5E99-19CB-742A9C442F9B}.Debug|Any CPU.ActiveCfg = Debug|Any CPU
		{45016E25-0296-5E99-19CB-742A9C442F9B}.Debug|Any CPU.Build.0 = Debug|Any CPU
		{45016E25-0296-5E99-19CB-742A9C442F9B}.Release|Any CPU.ActiveCfg = Release|Any CPU
		{45016E25-0296-5E99-19CB-742A9C442F9B}.Release|Any CPU.Build.0 = Release|Any CPU
		{406B45A1-FFD6-CBD3-8564-FC26C1FC276F}.Debug|Any CPU.ActiveCfg = Debug|Any CPU
		{406B45A1-FFD6-CBD3-8564-FC26C1FC276F}.Debug|Any CPU.Build.0 = Debug|Any CPU
		{406B45A1-FFD6-CBD3-8564-FC26C1FC276F}.Release|Any CPU.ActiveCfg = Release|Any CPU
		{406B45A1-FFD6-CBD3-8564-FC26C1FC276F}.Release|Any CPU.Build.0 = Release|Any CPU
		{5D5CB695-0CAF-1515-4AAF-75E9CA416396}.Debug|Any CPU.ActiveCfg = Debug|Any CPU
		{5D5CB695-0CAF-1515-4AAF-75E9CA416396}.Debug|Any CPU.Build.0 = Debug|Any CPU
		{5D5CB695-0CAF-1515-4AAF-75E9CA416396}.Release|Any CPU.ActiveCfg = Release|Any CPU
		{5D5CB695-0CAF-1515-4AAF-75E9CA416396}.Release|Any CPU.Build.0 = Release|Any CPU
	EndGlobalSection
	GlobalSection(SolutionProperties) = preSolution
		HideSolutionNode = FALSE
	EndGlobalSection
																				GlobalSection(MonoDevelopProperties) = preSolution
		StartupItem = Assembly-CSharp.csproj
		Policies = $0
		$0.TextStylePolicy = $1
		$1.inheritsSet = null
		$1.scope = text/x-csharp
		$0.CSharpFormattingPolicy = $2
		$2.inheritsSet = Mono
		$2.inheritsScope = text/x-csharp
		$2.scope = text/x-csharp
		$0.TextStylePolicy = $3
		$3.FileWidth = 120
		$3.TabWidth = 4
		$3.EolMarker = Unix
		$3.inheritsSet = Mono
		$3.inheritsScope = text/plain
		$3.scope = text/plain
	EndGlobalSection

EndGlobal
